
Microsoft Visual Studio Solution File, Format Version 12.00
# Visual Studio Version 17
VisualStudioVersion = 17.2.32516.85
MinimumVisualStudioVersion = 10.0.40219.1
Project("{FAE04EC0-301F-11D3-BF4B-00C04F79EFBC}") = "QRCodeGenerate", "QRCodeGenerate\QRCodeGenerate.csproj", "{6041A0E6-20EE-4008-B216-F1B192EC8F71}"
EndProject
Global
	GlobalSection(SolutionConfigurationPlatforms) = preSolution
		Debug|Any CPU = Debug|Any CPU
		Release|Any CPU = Release|Any CPU
	EndGlobalSection
	GlobalSection(ProjectConfigurationPlatforms) = postSolution
		{6041A0E6-20EE-4008-B216-F1B192EC8F71}.Debug|Any CPU.ActiveCfg = Debug|Any CPU
		{6041A0E6-20EE-4008-B216-F1B192EC8F71}.Debug|Any CPU.Build.0 = Debug|Any CPU
		{6041A0E6-20EE-4008-B216-F1B192EC8F71}.Release|Any CPU.ActiveCfg = Release|Any CPU
		{6041A0E6-20EE-4008-B216-F1B192EC8F71}.Release|Any CPU.Build.0 = Release|Any CPU
	EndGlobalSection
	GlobalSection(SolutionProperties) = preSolution
		HideSolutionNode = FALSE
	EndGlobalSection
	GlobalSection(ExtensibilityGlobals) = postSolution
		SolutionGuid = {EBA79E3D-6F3E-46C3-A2C4-0884F1F01606}
	EndGlobalSection
EndGlobal
